// !$*UTF8*$!
{
	archiveVersion = 1;
	classes = {
	};
	objectVersion = 46;
	objects = {

/* Begin PBXBuildFile section */
		39171D631ECCB8A00035F63A /* HeaderCell.m in Sources */ = {isa = PBXBuildFile; fileRef = 39171D621ECCB8A00035F63A /* HeaderCell.m */; };
		39270C811EF2FC45008541D8 /* AboutController.m in Sources */ = {isa = PBXBuildFile; fileRef = 39270C801EF2FC45008541D8 /* AboutController.m */; };
		39471FDD1ECA7FDC00C36001 /* UserTimelineController.m in Sources */ = {isa = PBXBuildFile; fileRef = 39471FDC1ECA7FDC00C36001 /* UserTimelineController.m */; };
		39471FE01ECA7FF000C36001 /* SearchTimelineController.m in Sources */ = {isa = PBXBuildFile; fileRef = 39471FDF1ECA7FF000C36001 /* SearchTimelineController.m */; };
		394EB0B21EC92AF500CD42EB /* main.m in Sources */ = {isa = PBXBuildFile; fileRef = 394EB0B11EC92AF500CD42EB /* main.m */; };
		394EB0B51EC92AF500CD42EB /* AppDelegate.m in Sources */ = {isa = PBXBuildFile; fileRef = 394EB0B41EC92AF500CD42EB /* AppDelegate.m */; };
		394EB0BB1EC92AF500CD42EB /* Main.storyboard in Resources */ = {isa = PBXBuildFile; fileRef = 394EB0B91EC92AF500CD42EB /* Main.storyboard */; };
		394EB0BD1EC92AF500CD42EB /* Assets.xcassets in Resources */ = {isa = PBXBuildFile; fileRef = 394EB0BC1EC92AF500CD42EB /* Assets.xcassets */; };
		394EB0C01EC92AF500CD42EB /* LaunchScreen.storyboard in Resources */ = {isa = PBXBuildFile; fileRef = 394EB0BE1EC92AF500CD42EB /* LaunchScreen.storyboard */; };
		394EB0CB1EC92AF500CD42EB /* EleccionesPDHTests.m in Sources */ = {isa = PBXBuildFile; fileRef = 394EB0CA1EC92AF500CD42EB /* EleccionesPDHTests.m */; };
		394EB0D61EC92AF500CD42EB /* EleccionesPDHUITests.m in Sources */ = {isa = PBXBuildFile; fileRef = 394EB0D51EC92AF500CD42EB /* EleccionesPDHUITests.m */; };
		394EB0E71EC92C0600CD42EB /* EleccionPDH.xcdatamodeld in Sources */ = {isa = PBXBuildFile; fileRef = 394EB0E41EC92B2700CD42EB /* EleccionPDH.xcdatamodeld */; };
		394EB0F21EC9772F00CD42EB /* SingletonUtilities.m in Sources */ = {isa = PBXBuildFile; fileRef = 394EB0F11EC9772F00CD42EB /* SingletonUtilities.m */; };
		394EB1101EC97AC000CD42EB /* CandidatosController.m in Sources */ = {isa = PBXBuildFile; fileRef = 394EB1071EC97AC000CD42EB /* CandidatosController.m */; };
		394EB1111EC97AC000CD42EB /* DiputadosController.m in Sources */ = {isa = PBXBuildFile; fileRef = 394EB1091EC97AC000CD42EB /* DiputadosController.m */; };
		394EB1121EC97AC000CD42EB /* NoticiasController.m in Sources */ = {isa = PBXBuildFile; fileRef = 394EB10B1EC97AC000CD42EB /* NoticiasController.m */; };
		394EB1131EC97AC000CD42EB /* RankingController.m in Sources */ = {isa = PBXBuildFile; fileRef = 394EB10D1EC97AC000CD42EB /* RankingController.m */; };
		394EB1141EC97AC000CD42EB /* ViewController.m in Sources */ = {isa = PBXBuildFile; fileRef = 394EB10F1EC97AC000CD42EB /* ViewController.m */; };
		394EB1181EC97D9300CD42EB /* CandidatoCell.m in Sources */ = {isa = PBXBuildFile; fileRef = 394EB1171EC97D9300CD42EB /* CandidatoCell.m */; };
		394EB11B1EC9867400CD42EB /* DiputadoCell.m in Sources */ = {isa = PBXBuildFile; fileRef = 394EB11A1EC9867400CD42EB /* DiputadoCell.m */; };
		394EB11E1EC98A8500CD42EB /* CandidatoDetailController.m in Sources */ = {isa = PBXBuildFile; fileRef = 394EB11D1EC98A8500CD42EB /* CandidatoDetailController.m */; };
		394EB1211EC98B5900CD42EB /* DetailHeaderCell.m in Sources */ = {isa = PBXBuildFile; fileRef = 394EB1201EC98B5900CD42EB /* DetailHeaderCell.m */; };
		394EB1241EC98B7000CD42EB /* DetailSectionCell.m in Sources */ = {isa = PBXBuildFile; fileRef = 394EB1231EC98B7000CD42EB /* DetailSectionCell.m */; };
		394EB1271EC98B8A00CD42EB /* DetailTextCell.m in Sources */ = {isa = PBXBuildFile; fileRef = 394EB1261EC98B8A00CD42EB /* DetailTextCell.m */; };
		3963DCE21EC9F939008353A2 /* DiputadoDetailController.m in Sources */ = {isa = PBXBuildFile; fileRef = 3963DCE11EC9F939008353A2 /* DiputadoDetailController.m */; };
		3963DCE81EC9FE22008353A2 /* DetailActionCell.m in Sources */ = {isa = PBXBuildFile; fileRef = 3963DCE71EC9FE22008353A2 /* DetailActionCell.m */; };
		39A06B741ECB58C4000EC785 /* Perfil+CoreDataClass.m in Sources */ = {isa = PBXBuildFile; fileRef = 39A06B711ECB58C4000EC785 /* Perfil+CoreDataClass.m */; };
		39A06B751ECB58C4000EC785 /* Perfil+CoreDataProperties.m in Sources */ = {isa = PBXBuildFile; fileRef = 39A06B731ECB58C4000EC785 /* Perfil+CoreDataProperties.m */; };
		39A06B781ECB71AC000EC785 /* GradeCell.m in Sources */ = {isa = PBXBuildFile; fileRef = 39A06B771ECB71AC000EC785 /* GradeCell.m */; };
		39A06B7B1ECBAAA8000EC785 /* HeaderView.m in Sources */ = {isa = PBXBuildFile; fileRef = 39A06B7A1ECBAAA8000EC785 /* HeaderView.m */; };
		39D646C41ECAC2E000F2BD0E /* PrivateAnimatedTransition.m in Sources */ = {isa = PBXBuildFile; fileRef = 39D646BF1ECAC2E000F2BD0E /* PrivateAnimatedTransition.m */; };
		39D646C51ECAC2E000F2BD0E /* PrivateTransitionContext.m in Sources */ = {isa = PBXBuildFile; fileRef = 39D646C11ECAC2E000F2BD0E /* PrivateTransitionContext.m */; };
		39D646C61ECAC2E000F2BD0E /* TransitionDelegate.m in Sources */ = {isa = PBXBuildFile; fileRef = 39D646C31ECAC2E000F2BD0E /* TransitionDelegate.m */; };
		39D646C91ECAC32000F2BD0E /* Animator.m in Sources */ = {isa = PBXBuildFile; fileRef = 39D646C81ECAC32000F2BD0E /* Animator.m */; };
		B2FE56C6AD91BD3380A63699 /* libPods-EleccionesPDH.a in Frameworks */ = {isa = PBXBuildFile; fileRef = 8599CC212882956E32A67062 /* libPods-EleccionesPDH.a */; };
/* End PBXBuildFile section */

/* Begin PBXContainerItemProxy section */
		394EB0C71EC92AF500CD42EB /* PBXContainerItemProxy */ = {
			isa = PBXContainerItemProxy;
			containerPortal = 394EB0A51EC92AF500CD42EB /* Project object */;
			proxyType = 1;
			remoteGlobalIDString = 394EB0AC1EC92AF500CD42EB;
			remoteInfo = EleccionesPDH;
		};
		394EB0D21EC92AF500CD42EB /* PBXContainerItemProxy */ = {
			isa = PBXContainerItemProxy;
			containerPortal = 394EB0A51EC92AF500CD42EB /* Project object */;
			proxyType = 1;
			remoteGlobalIDString = 394EB0AC1EC92AF500CD42EB;
			remoteInfo = EleccionesPDH;
		};
/* End PBXContainerItemProxy section */

/* Begin PBXFileReference section */
		0F4451C67CF25EE9E10DF9F6 /* Pods-EleccionesPDH.debug.xcconfig */ = {isa = PBXFileReference; includeInIndex = 1; lastKnownFileType = text.xcconfig; name = "Pods-EleccionesPDH.debug.xcconfig"; path = "Pods/Target Support Files/Pods-EleccionesPDH/Pods-EleccionesPDH.debug.xcconfig"; sourceTree = "<group>"; };
		39171D611ECCB8A00035F63A /* HeaderCell.h */ = {isa = PBXFileReference; fileEncoding = 4; lastKnownFileType = sourcecode.c.h; name = HeaderCell.h; path = Views/HeaderCell.h; sourceTree = "<group>"; };
		39171D621ECCB8A00035F63A /* HeaderCell.m */ = {isa = PBXFileReference; fileEncoding = 4; lastKnownFileType = sourcecode.c.objc; name = HeaderCell.m; path = Views/HeaderCell.m; sourceTree = "<group>"; };
		39270C7F1EF2FC45008541D8 /* AboutController.h */ = {isa = PBXFileReference; fileEncoding = 4; lastKnownFileType = sourcecode.c.h; name = AboutController.h; path = Controllers/AboutController.h; sourceTree = "<group>"; };
		39270C801EF2FC45008541D8 /* AboutController.m */ = {isa = PBXFileReference; fileEncoding = 4; lastKnownFileType = sourcecode.c.objc; name = AboutController.m; path = Controllers/AboutController.m; sourceTree = "<group>"; };
		39471FDB1ECA7FDC00C36001 /* UserTimelineController.h */ = {isa = PBXFileReference; fileEncoding = 4; lastKnownFileType = sourcecode.c.h; name = UserTimelineController.h; path = Controllers/UserTimelineController.h; sourceTree = "<group>"; };
		39471FDC1ECA7FDC00C36001 /* UserTimelineController.m */ = {isa = PBXFileReference; fileEncoding = 4; lastKnownFileType = sourcecode.c.objc; name = UserTimelineController.m; path = Controllers/UserTimelineController.m; sourceTree = "<group>"; };
		39471FDE1ECA7FF000C36001 /* SearchTimelineController.h */ = {isa = PBXFileReference; fileEncoding = 4; lastKnownFileType = sourcecode.c.h; name = SearchTimelineController.h; path = Controllers/SearchTimelineController.h; sourceTree = "<group>"; };
		39471FDF1ECA7FF000C36001 /* SearchTimelineController.m */ = {isa = PBXFileReference; fileEncoding = 4; lastKnownFileType = sourcecode.c.objc; name = SearchTimelineController.m; path = Controllers/SearchTimelineController.m; sourceTree = "<group>"; };
		394EB0AD1EC92AF500CD42EB /* EleccionesPDH.app */ = {isa = PBXFileReference; explicitFileType = wrapper.application; includeInIndex = 0; path = EleccionesPDH.app; sourceTree = BUILT_PRODUCTS_DIR; };
		394EB0B11EC92AF500CD42EB /* main.m */ = {isa = PBXFileReference; lastKnownFileType = sourcecode.c.objc; path = main.m; sourceTree = "<group>"; };
		394EB0B31EC92AF500CD42EB /* AppDelegate.h */ = {isa = PBXFileReference; lastKnownFileType = sourcecode.c.h; path = AppDelegate.h; sourceTree = "<group>"; };
		394EB0B41EC92AF500CD42EB /* AppDelegate.m */ = {isa = PBXFileReference; lastKnownFileType = sourcecode.c.objc; path = AppDelegate.m; sourceTree = "<group>"; };
		394EB0BA1EC92AF500CD42EB /* Base */ = {isa = PBXFileReference; lastKnownFileType = file.storyboard; name = Base; path = Base.lproj/Main.storyboard; sourceTree = "<group>"; };
		394EB0BC1EC92AF500CD42EB /* Assets.xcassets */ = {isa = PBXFileReference; lastKnownFileType = folder.assetcatalog; path = Assets.xcassets; sourceTree = "<group>"; };
		394EB0BF1EC92AF500CD42EB /* Base */ = {isa = PBXFileReference; lastKnownFileType = file.storyboard; name = Base; path = Base.lproj/LaunchScreen.storyboard; sourceTree = "<group>"; };
		394EB0C11EC92AF500CD42EB /* Info.plist */ = {isa = PBXFileReference; lastKnownFileType = text.plist.xml; path = Info.plist; sourceTree = "<group>"; };
		394EB0C61EC92AF500CD42EB /* EleccionesPDHTests.xctest */ = {isa = PBXFileReference; explicitFileType = wrapper.cfbundle; includeInIndex = 0; path = EleccionesPDHTests.xctest; sourceTree = BUILT_PRODUCTS_DIR; };
		394EB0CA1EC92AF500CD42EB /* EleccionesPDHTests.m */ = {isa = PBXFileReference; lastKnownFileType = sourcecode.c.objc; path = EleccionesPDHTests.m; sourceTree = "<group>"; };
		394EB0CC1EC92AF500CD42EB /* Info.plist */ = {isa = PBXFileReference; lastKnownFileType = text.plist.xml; path = Info.plist; sourceTree = "<group>"; };
		394EB0D11EC92AF500CD42EB /* EleccionesPDHUITests.xctest */ = {isa = PBXFileReference; explicitFileType = wrapper.cfbundle; includeInIndex = 0; path = EleccionesPDHUITests.xctest; sourceTree = BUILT_PRODUCTS_DIR; };
		394EB0D51EC92AF500CD42EB /* EleccionesPDHUITests.m */ = {isa = PBXFileReference; lastKnownFileType = sourcecode.c.objc; path = EleccionesPDHUITests.m; sourceTree = "<group>"; };
		394EB0D71EC92AF500CD42EB /* Info.plist */ = {isa = PBXFileReference; lastKnownFileType = text.plist.xml; path = Info.plist; sourceTree = "<group>"; };
		394EB0E51EC92B2700CD42EB /* EleccionPDH.xcdatamodel */ = {isa = PBXFileReference; lastKnownFileType = wrapper.xcdatamodel; path = EleccionPDH.xcdatamodel; sourceTree = "<group>"; };
		394EB0F01EC9772F00CD42EB /* SingletonUtilities.h */ = {isa = PBXFileReference; fileEncoding = 4; lastKnownFileType = sourcecode.c.h; name = SingletonUtilities.h; path = Utilities/SingletonUtilities.h; sourceTree = "<group>"; };
		394EB0F11EC9772F00CD42EB /* SingletonUtilities.m */ = {isa = PBXFileReference; fileEncoding = 4; lastKnownFileType = sourcecode.c.objc; name = SingletonUtilities.m; path = Utilities/SingletonUtilities.m; sourceTree = "<group>"; };
		394EB1061EC97AC000CD42EB /* CandidatosController.h */ = {isa = PBXFileReference; fileEncoding = 4; lastKnownFileType = sourcecode.c.h; name = CandidatosController.h; path = Controllers/CandidatosController.h; sourceTree = "<group>"; };
		394EB1071EC97AC000CD42EB /* CandidatosController.m */ = {isa = PBXFileReference; fileEncoding = 4; lastKnownFileType = sourcecode.c.objc; name = CandidatosController.m; path = Controllers/CandidatosController.m; sourceTree = "<group>"; };
		394EB1081EC97AC000CD42EB /* DiputadosController.h */ = {isa = PBXFileReference; fileEncoding = 4; lastKnownFileType = sourcecode.c.h; name = DiputadosController.h; path = Controllers/DiputadosController.h; sourceTree = "<group>"; };
		394EB1091EC97AC000CD42EB /* DiputadosController.m */ = {isa = PBXFileReference; fileEncoding = 4; lastKnownFileType = sourcecode.c.objc; name = DiputadosController.m; path = Controllers/DiputadosController.m; sourceTree = "<group>"; };
		394EB10A1EC97AC000CD42EB /* NoticiasController.h */ = {isa = PBXFileReference; fileEncoding = 4; lastKnownFileType = sourcecode.c.h; name = NoticiasController.h; path = Controllers/NoticiasController.h; sourceTree = "<group>"; };
		394EB10B1EC97AC000CD42EB /* NoticiasController.m */ = {isa = PBXFileReference; fileEncoding = 4; lastKnownFileType = sourcecode.c.objc; name = NoticiasController.m; path = Controllers/NoticiasController.m; sourceTree = "<group>"; };
		394EB10C1EC97AC000CD42EB /* RankingController.h */ = {isa = PBXFileReference; fileEncoding = 4; lastKnownFileType = sourcecode.c.h; name = RankingController.h; path = Controllers/RankingController.h; sourceTree = "<group>"; };
		394EB10D1EC97AC000CD42EB /* RankingController.m */ = {isa = PBXFileReference; fileEncoding = 4; lastKnownFileType = sourcecode.c.objc; name = RankingController.m; path = Controllers/RankingController.m; sourceTree = "<group>"; };
		394EB10E1EC97AC000CD42EB /* ViewController.h */ = {isa = PBXFileReference; fileEncoding = 4; lastKnownFileType = sourcecode.c.h; name = ViewController.h; path = Controllers/ViewController.h; sourceTree = "<group>"; };
		394EB10F1EC97AC000CD42EB /* ViewController.m */ = {isa = PBXFileReference; fileEncoding = 4; lastKnownFileType = sourcecode.c.objc; name = ViewController.m; path = Controllers/ViewController.m; sourceTree = "<group>"; };
		394EB1161EC97D9300CD42EB /* CandidatoCell.h */ = {isa = PBXFileReference; fileEncoding = 4; lastKnownFileType = sourcecode.c.h; name = CandidatoCell.h; path = Views/CandidatoCell.h; sourceTree = "<group>"; };
		394EB1171EC97D9300CD42EB /* CandidatoCell.m */ = {isa = PBXFileReference; fileEncoding = 4; lastKnownFileType = sourcecode.c.objc; name = CandidatoCell.m; path = Views/CandidatoCell.m; sourceTree = "<group>"; };
		394EB1191EC9867400CD42EB /* DiputadoCell.h */ = {isa = PBXFileReference; fileEncoding = 4; lastKnownFileType = sourcecode.c.h; name = DiputadoCell.h; path = Views/DiputadoCell.h; sourceTree = "<group>"; };
		394EB11A1EC9867400CD42EB /* DiputadoCell.m */ = {isa = PBXFileReference; fileEncoding = 4; lastKnownFileType = sourcecode.c.objc; name = DiputadoCell.m; path = Views/DiputadoCell.m; sourceTree = "<group>"; };
		394EB11C1EC98A8500CD42EB /* CandidatoDetailController.h */ = {isa = PBXFileReference; fileEncoding = 4; lastKnownFileType = sourcecode.c.h; name = CandidatoDetailController.h; path = Controllers/CandidatoDetailController.h; sourceTree = "<group>"; };
		394EB11D1EC98A8500CD42EB /* CandidatoDetailController.m */ = {isa = PBXFileReference; fileEncoding = 4; lastKnownFileType = sourcecode.c.objc; name = CandidatoDetailController.m; path = Controllers/CandidatoDetailController.m; sourceTree = "<group>"; };
		394EB11F1EC98B5900CD42EB /* DetailHeaderCell.h */ = {isa = PBXFileReference; fileEncoding = 4; lastKnownFileType = sourcecode.c.h; name = DetailHeaderCell.h; path = Views/DetailHeaderCell.h; sourceTree = "<group>"; };
		394EB1201EC98B5900CD42EB /* DetailHeaderCell.m */ = {isa = PBXFileReference; fileEncoding = 4; lastKnownFileType = sourcecode.c.objc; name = DetailHeaderCell.m; path = Views/DetailHeaderCell.m; sourceTree = "<group>"; };
		394EB1221EC98B7000CD42EB /* DetailSectionCell.h */ = {isa = PBXFileReference; fileEncoding = 4; lastKnownFileType = sourcecode.c.h; name = DetailSectionCell.h; path = Views/DetailSectionCell.h; sourceTree = "<group>"; };
		394EB1231EC98B7000CD42EB /* DetailSectionCell.m */ = {isa = PBXFileReference; fileEncoding = 4; lastKnownFileType = sourcecode.c.objc; name = DetailSectionCell.m; path = Views/DetailSectionCell.m; sourceTree = "<group>"; };
		394EB1251EC98B8A00CD42EB /* DetailTextCell.h */ = {isa = PBXFileReference; fileEncoding = 4; lastKnownFileType = sourcecode.c.h; name = DetailTextCell.h; path = Views/DetailTextCell.h; sourceTree = "<group>"; };
		394EB1261EC98B8A00CD42EB /* DetailTextCell.m */ = {isa = PBXFileReference; fileEncoding = 4; lastKnownFileType = sourcecode.c.objc; name = DetailTextCell.m; path = Views/DetailTextCell.m; sourceTree = "<group>"; };
		3963DCE01EC9F939008353A2 /* DiputadoDetailController.h */ = {isa = PBXFileReference; fileEncoding = 4; lastKnownFileType = sourcecode.c.h; name = DiputadoDetailController.h; path = Controllers/DiputadoDetailController.h; sourceTree = "<group>"; };
		3963DCE11EC9F939008353A2 /* DiputadoDetailController.m */ = {isa = PBXFileReference; fileEncoding = 4; lastKnownFileType = sourcecode.c.objc; name = DiputadoDetailController.m; path = Controllers/DiputadoDetailController.m; sourceTree = "<group>"; };
		3963DCE61EC9FE22008353A2 /* DetailActionCell.h */ = {isa = PBXFileReference; fileEncoding = 4; lastKnownFileType = sourcecode.c.h; name = DetailActionCell.h; path = Views/DetailActionCell.h; sourceTree = "<group>"; };
		3963DCE71EC9FE22008353A2 /* DetailActionCell.m */ = {isa = PBXFileReference; fileEncoding = 4; lastKnownFileType = sourcecode.c.objc; name = DetailActionCell.m; path = Views/DetailActionCell.m; sourceTree = "<group>"; };
		39A06B701ECB58C4000EC785 /* Perfil+CoreDataClass.h */ = {isa = PBXFileReference; fileEncoding = 4; lastKnownFileType = sourcecode.c.h; name = "Perfil+CoreDataClass.h"; path = "Models/Perfil+CoreDataClass.h"; sourceTree = "<group>"; };
		39A06B711ECB58C4000EC785 /* Perfil+CoreDataClass.m */ = {isa = PBXFileReference; fileEncoding = 4; lastKnownFileType = sourcecode.c.objc; name = "Perfil+CoreDataClass.m"; path = "Models/Perfil+CoreDataClass.m"; sourceTree = "<group>"; };
		39A06B721ECB58C4000EC785 /* Perfil+CoreDataProperties.h */ = {isa = PBXFileReference; fileEncoding = 4; lastKnownFileType = sourcecode.c.h; name = "Perfil+CoreDataProperties.h"; path = "Models/Perfil+CoreDataProperties.h"; sourceTree = "<group>"; };
		39A06B731ECB58C4000EC785 /* Perfil+CoreDataProperties.m */ = {isa = PBXFileReference; fileEncoding = 4; lastKnownFileType = sourcecode.c.objc; name = "Perfil+CoreDataProperties.m"; path = "Models/Perfil+CoreDataProperties.m"; sourceTree = "<group>"; };
		39A06B761ECB71AC000EC785 /* GradeCell.h */ = {isa = PBXFileReference; fileEncoding = 4; lastKnownFileType = sourcecode.c.h; name = GradeCell.h; path = Views/GradeCell.h; sourceTree = "<group>"; };
		39A06B771ECB71AC000EC785 /* GradeCell.m */ = {isa = PBXFileReference; fileEncoding = 4; lastKnownFileType = sourcecode.c.objc; name = GradeCell.m; path = Views/GradeCell.m; sourceTree = "<group>"; };
		39A06B791ECBAAA8000EC785 /* HeaderView.h */ = {isa = PBXFileReference; fileEncoding = 4; lastKnownFileType = sourcecode.c.h; name = HeaderView.h; path = Views/HeaderView.h; sourceTree = "<group>"; };
		39A06B7A1ECBAAA8000EC785 /* HeaderView.m */ = {isa = PBXFileReference; fileEncoding = 4; lastKnownFileType = sourcecode.c.objc; name = HeaderView.m; path = Views/HeaderView.m; sourceTree = "<group>"; };
		39D646BE1ECAC2E000F2BD0E /* PrivateAnimatedTransition.h */ = {isa = PBXFileReference; fileEncoding = 4; lastKnownFileType = sourcecode.c.h; name = PrivateAnimatedTransition.h; path = Utilities/PrivateAnimatedTransition.h; sourceTree = "<group>"; };
		39D646BF1ECAC2E000F2BD0E /* PrivateAnimatedTransition.m */ = {isa = PBXFileReference; fileEncoding = 4; lastKnownFileType = sourcecode.c.objc; name = PrivateAnimatedTransition.m; path = Utilities/PrivateAnimatedTransition.m; sourceTree = "<group>"; };
		39D646C01ECAC2E000F2BD0E /* PrivateTransitionContext.h */ = {isa = PBXFileReference; fileEncoding = 4; lastKnownFileType = sourcecode.c.h; name = PrivateTransitionContext.h; path = Utilities/PrivateTransitionContext.h; sourceTree = "<group>"; };
		39D646C11ECAC2E000F2BD0E /* PrivateTransitionContext.m */ = {isa = PBXFileReference; fileEncoding = 4; lastKnownFileType = sourcecode.c.objc; name = PrivateTransitionContext.m; path = Utilities/PrivateTransitionContext.m; sourceTree = "<group>"; };
		39D646C21ECAC2E000F2BD0E /* TransitionDelegate.h */ = {isa = PBXFileReference; fileEncoding = 4; lastKnownFileType = sourcecode.c.h; name = TransitionDelegate.h; path = Utilities/TransitionDelegate.h; sourceTree = "<group>"; };
		39D646C31ECAC2E000F2BD0E /* TransitionDelegate.m */ = {isa = PBXFileReference; fileEncoding = 4; lastKnownFileType = sourcecode.c.objc; name = TransitionDelegate.m; path = Utilities/TransitionDelegate.m; sourceTree = "<group>"; };
		39D646C71ECAC32000F2BD0E /* Animator.h */ = {isa = PBXFileReference; fileEncoding = 4; lastKnownFileType = sourcecode.c.h; name = Animator.h; path = Utilities/Animator.h; sourceTree = "<group>"; };
		39D646C81ECAC32000F2BD0E /* Animator.m */ = {isa = PBXFileReference; fileEncoding = 4; lastKnownFileType = sourcecode.c.objc; name = Animator.m; path = Utilities/Animator.m; sourceTree = "<group>"; };
		8599CC212882956E32A67062 /* libPods-EleccionesPDH.a */ = {isa = PBXFileReference; explicitFileType = archive.ar; includeInIndex = 0; path = "libPods-EleccionesPDH.a"; sourceTree = BUILT_PRODUCTS_DIR; };
		B7626A0F351C45AEB11798E5 /* Pods-EleccionesPDH.release.xcconfig */ = {isa = PBXFileReference; includeInIndex = 1; lastKnownFileType = text.xcconfig; name = "Pods-EleccionesPDH.release.xcconfig"; path = "Pods/Target Support Files/Pods-EleccionesPDH/Pods-EleccionesPDH.release.xcconfig"; sourceTree = "<group>"; };
/* End PBXFileReference section */

/* Begin PBXFrameworksBuildPhase section */
		394EB0AA1EC92AF500CD42EB /* Frameworks */ = {
			isa = PBXFrameworksBuildPhase;
			buildActionMask = 2147483647;
			files = (
				B2FE56C6AD91BD3380A63699 /* libPods-EleccionesPDH.a in Frameworks */,
			);
			runOnlyForDeploymentPostprocessing = 0;
		};
		394EB0C31EC92AF500CD42EB /* Frameworks */ = {
			isa = PBXFrameworksBuildPhase;
			buildActionMask = 2147483647;
			files = (
			);
			runOnlyForDeploymentPostprocessing = 0;
		};
		394EB0CE1EC92AF500CD42EB /* Frameworks */ = {
			isa = PBXFrameworksBuildPhase;
			buildActionMask = 2147483647;
			files = (
			);
			runOnlyForDeploymentPostprocessing = 0;
		};
/* End PBXFrameworksBuildPhase section */

/* Begin PBXGroup section */
		0888DEBFCCEDB8658E1C8DB5 /* Pods */ = {
			isa = PBXGroup;
			children = (
				0F4451C67CF25EE9E10DF9F6 /* Pods-EleccionesPDH.debug.xcconfig */,
				B7626A0F351C45AEB11798E5 /* Pods-EleccionesPDH.release.xcconfig */,
			);
			name = Pods;
			sourceTree = "<group>";
		};
		394EB0A41EC92AF500CD42EB = {
			isa = PBXGroup;
			children = (
				394EB0AF1EC92AF500CD42EB /* EleccionesPDH */,
				394EB0C91EC92AF500CD42EB /* EleccionesPDHTests */,
				394EB0D41EC92AF500CD42EB /* EleccionesPDHUITests */,
				394EB0AE1EC92AF500CD42EB /* Products */,
				0888DEBFCCEDB8658E1C8DB5 /* Pods */,
				C684F93F796AB776AB3AA3BA /* Frameworks */,
			);
			sourceTree = "<group>";
		};
		394EB0AE1EC92AF500CD42EB /* Products */ = {
			isa = PBXGroup;
			children = (
				394EB0AD1EC92AF500CD42EB /* EleccionesPDH.app */,
				394EB0C61EC92AF500CD42EB /* EleccionesPDHTests.xctest */,
				394EB0D11EC92AF500CD42EB /* EleccionesPDHUITests.xctest */,
			);
			name = Products;
			sourceTree = "<group>";
		};
		394EB0AF1EC92AF500CD42EB /* EleccionesPDH */ = {
			isa = PBXGroup;
			children = (
				394EB0B31EC92AF500CD42EB /* AppDelegate.h */,
				394EB0B41EC92AF500CD42EB /* AppDelegate.m */,
				394EB0EE1EC94EFE00CD42EB /* Controllers */,
				39A06B631ECB5512000EC785 /* Models */,
				394EB1151EC97D5C00CD42EB /* Views */,
				394EB0EF1EC9772300CD42EB /* Utilities */,
				394EB0B91EC92AF500CD42EB /* Main.storyboard */,
				394EB0BC1EC92AF500CD42EB /* Assets.xcassets */,
				394EB0BE1EC92AF500CD42EB /* LaunchScreen.storyboard */,
				394EB0C11EC92AF500CD42EB /* Info.plist */,
				394EB0E41EC92B2700CD42EB /* EleccionPDH.xcdatamodeld */,
				394EB0B01EC92AF500CD42EB /* Supporting Files */,
			);
			path = EleccionesPDH;
			sourceTree = "<group>";
		};
		394EB0B01EC92AF500CD42EB /* Supporting Files */ = {
			isa = PBXGroup;
			children = (
				394EB0B11EC92AF500CD42EB /* main.m */,
			);
			name = "Supporting Files";
			sourceTree = "<group>";
		};
		394EB0C91EC92AF500CD42EB /* EleccionesPDHTests */ = {
			isa = PBXGroup;
			children = (
				394EB0CA1EC92AF500CD42EB /* EleccionesPDHTests.m */,
				394EB0CC1EC92AF500CD42EB /* Info.plist */,
			);
			path = EleccionesPDHTests;
			sourceTree = "<group>";
		};
		394EB0D41EC92AF500CD42EB /* EleccionesPDHUITests */ = {
			isa = PBXGroup;
			children = (
				394EB0D51EC92AF500CD42EB /* EleccionesPDHUITests.m */,
				394EB0D71EC92AF500CD42EB /* Info.plist */,
			);
			path = EleccionesPDHUITests;
			sourceTree = "<group>";
		};
		394EB0EE1EC94EFE00CD42EB /* Controllers */ = {
			isa = PBXGroup;
			children = (
				394EB1061EC97AC000CD42EB /* CandidatosController.h */,
				394EB1071EC97AC000CD42EB /* CandidatosController.m */,
				394EB1081EC97AC000CD42EB /* DiputadosController.h */,
				394EB1091EC97AC000CD42EB /* DiputadosController.m */,
				394EB10A1EC97AC000CD42EB /* NoticiasController.h */,
				394EB10B1EC97AC000CD42EB /* NoticiasController.m */,
				394EB10C1EC97AC000CD42EB /* RankingController.h */,
				394EB10D1EC97AC000CD42EB /* RankingController.m */,
				394EB10E1EC97AC000CD42EB /* ViewController.h */,
				394EB10F1EC97AC000CD42EB /* ViewController.m */,
				394EB11C1EC98A8500CD42EB /* CandidatoDetailController.h */,
				394EB11D1EC98A8500CD42EB /* CandidatoDetailController.m */,
				3963DCE01EC9F939008353A2 /* DiputadoDetailController.h */,
				3963DCE11EC9F939008353A2 /* DiputadoDetailController.m */,
				39471FDB1ECA7FDC00C36001 /* UserTimelineController.h */,
				39471FDC1ECA7FDC00C36001 /* UserTimelineController.m */,
				39471FDE1ECA7FF000C36001 /* SearchTimelineController.h */,
				39471FDF1ECA7FF000C36001 /* SearchTimelineController.m */,
				39270C7F1EF2FC45008541D8 /* AboutController.h */,
				39270C801EF2FC45008541D8 /* AboutController.m */,
			);
			name = Controllers;
			sourceTree = "<group>";
		};
		394EB0EF1EC9772300CD42EB /* Utilities */ = {
			isa = PBXGroup;
			children = (
				39D646C71ECAC32000F2BD0E /* Animator.h */,
				39D646C81ECAC32000F2BD0E /* Animator.m */,
				39D646BE1ECAC2E000F2BD0E /* PrivateAnimatedTransition.h */,
				39D646BF1ECAC2E000F2BD0E /* PrivateAnimatedTransition.m */,
				39D646C01ECAC2E000F2BD0E /* PrivateTransitionContext.h */,
				39D646C11ECAC2E000F2BD0E /* PrivateTransitionContext.m */,
				39D646C21ECAC2E000F2BD0E /* TransitionDelegate.h */,
				39D646C31ECAC2E000F2BD0E /* TransitionDelegate.m */,
				394EB0F01EC9772F00CD42EB /* SingletonUtilities.h */,
				394EB0F11EC9772F00CD42EB /* SingletonUtilities.m */,
			);
			name = Utilities;
			sourceTree = "<group>";
		};
		394EB1151EC97D5C00CD42EB /* Views */ = {
			isa = PBXGroup;
			children = (
				394EB1161EC97D9300CD42EB /* CandidatoCell.h */,
				394EB1171EC97D9300CD42EB /* CandidatoCell.m */,
				394EB1191EC9867400CD42EB /* DiputadoCell.h */,
				394EB11A1EC9867400CD42EB /* DiputadoCell.m */,
				394EB11F1EC98B5900CD42EB /* DetailHeaderCell.h */,
				394EB1201EC98B5900CD42EB /* DetailHeaderCell.m */,
				394EB1221EC98B7000CD42EB /* DetailSectionCell.h */,
				394EB1231EC98B7000CD42EB /* DetailSectionCell.m */,
				394EB1251EC98B8A00CD42EB /* DetailTextCell.h */,
				394EB1261EC98B8A00CD42EB /* DetailTextCell.m */,
				3963DCE61EC9FE22008353A2 /* DetailActionCell.h */,
				3963DCE71EC9FE22008353A2 /* DetailActionCell.m */,
				39A06B761ECB71AC000EC785 /* GradeCell.h */,
				39A06B771ECB71AC000EC785 /* GradeCell.m */,
				39A06B791ECBAAA8000EC785 /* HeaderView.h */,
				39A06B7A1ECBAAA8000EC785 /* HeaderView.m */,
				39171D611ECCB8A00035F63A /* HeaderCell.h */,
				39171D621ECCB8A00035F63A /* HeaderCell.m */,
			);
			name = Views;
			sourceTree = "<group>";
		};
		39A06B631ECB5512000EC785 /* Models */ = {
			isa = PBXGroup;
			children = (
				39A06B701ECB58C4000EC785 /* Perfil+CoreDataClass.h */,
				39A06B711ECB58C4000EC785 /* Perfil+CoreDataClass.m */,
				39A06B721ECB58C4000EC785 /* Perfil+CoreDataProperties.h */,
				39A06B731ECB58C4000EC785 /* Perfil+CoreDataProperties.m */,
			);
			name = Models;
			sourceTree = "<group>";
		};
		C684F93F796AB776AB3AA3BA /* Frameworks */ = {
			isa = PBXGroup;
			children = (
				8599CC212882956E32A67062 /* libPods-EleccionesPDH.a */,
			);
			name = Frameworks;
			sourceTree = "<group>";
		};
/* End PBXGroup section */

/* Begin PBXNativeTarget section */
		394EB0AC1EC92AF500CD42EB /* EleccionesPDH */ = {
			isa = PBXNativeTarget;
			buildConfigurationList = 394EB0DA1EC92AF500CD42EB /* Build configuration list for PBXNativeTarget "EleccionesPDH" */;
			buildPhases = (
				F1BF325FB6ABE98912064DC1 /* [CP] Check Pods Manifest.lock */,
				394EB0A91EC92AF500CD42EB /* Sources */,
				394EB0AA1EC92AF500CD42EB /* Frameworks */,
				394EB0AB1EC92AF500CD42EB /* Resources */,
				43446F7113816BE39603CC4C /* [CP] Embed Pods Frameworks */,
				870266F1B25C47F6E118FDF8 /* [CP] Copy Pods Resources */,
				3963DCE91ECA4CF3008353A2 /* ShellScript */,
			);
			buildRules = (
			);
			dependencies = (
			);
			name = EleccionesPDH;
			productName = EleccionesPDH;
			productReference = 394EB0AD1EC92AF500CD42EB /* EleccionesPDH.app */;
			productType = "com.apple.product-type.application";
		};
		394EB0C51EC92AF500CD42EB /* EleccionesPDHTests */ = {
			isa = PBXNativeTarget;
			buildConfigurationList = 394EB0DD1EC92AF500CD42EB /* Build configuration list for PBXNativeTarget "EleccionesPDHTests" */;
			buildPhases = (
				394EB0C21EC92AF500CD42EB /* Sources */,
				394EB0C31EC92AF500CD42EB /* Frameworks */,
				394EB0C41EC92AF500CD42EB /* Resources */,
			);
			buildRules = (
			);
			dependencies = (
				394EB0C81EC92AF500CD42EB /* PBXTargetDependency */,
			);
			name = EleccionesPDHTests;
			productName = EleccionesPDHTests;
			productReference = 394EB0C61EC92AF500CD42EB /* EleccionesPDHTests.xctest */;
			productType = "com.apple.product-type.bundle.unit-test";
		};
		394EB0D01EC92AF500CD42EB /* EleccionesPDHUITests */ = {
			isa = PBXNativeTarget;
			buildConfigurationList = 394EB0E01EC92AF500CD42EB /* Build configuration list for PBXNativeTarget "EleccionesPDHUITests" */;
			buildPhases = (
				394EB0CD1EC92AF500CD42EB /* Sources */,
				394EB0CE1EC92AF500CD42EB /* Frameworks */,
				394EB0CF1EC92AF500CD42EB /* Resources */,
			);
			buildRules = (
			);
			dependencies = (
				394EB0D31EC92AF500CD42EB /* PBXTargetDependency */,
			);
			name = EleccionesPDHUITests;
			productName = EleccionesPDHUITests;
			productReference = 394EB0D11EC92AF500CD42EB /* EleccionesPDHUITests.xctest */;
			productType = "com.apple.product-type.bundle.ui-testing";
		};
/* End PBXNativeTarget section */

/* Begin PBXProject section */
		394EB0A51EC92AF500CD42EB /* Project object */ = {
			isa = PBXProject;
			attributes = {
				LastUpgradeCheck = 0830;
				ORGANIZATIONNAME = Codifay;
				TargetAttributes = {
					394EB0AC1EC92AF500CD42EB = {
						CreatedOnToolsVersion = 8.3.2;
						DevelopmentTeam = 7JMSL42G43;
						ProvisioningStyle = Manual;
					};
					394EB0C51EC92AF500CD42EB = {
						CreatedOnToolsVersion = 8.3.2;
						DevelopmentTeam = S23FGB69WV;
						ProvisioningStyle = Automatic;
						TestTargetID = 394EB0AC1EC92AF500CD42EB;
					};
					394EB0D01EC92AF500CD42EB = {
						CreatedOnToolsVersion = 8.3.2;
						DevelopmentTeam = S23FGB69WV;
						ProvisioningStyle = Automatic;
						TestTargetID = 394EB0AC1EC92AF500CD42EB;
					};
				};
			};
			buildConfigurationList = 394EB0A81EC92AF500CD42EB /* Build configuration list for PBXProject "EleccionPDH" */;
			compatibilityVersion = "Xcode 3.2";
			developmentRegion = English;
			hasScannedForEncodings = 0;
			knownRegions = (
				en,
				Base,
			);
			mainGroup = 394EB0A41EC92AF500CD42EB;
			productRefGroup = 394EB0AE1EC92AF500CD42EB /* Products */;
			projectDirPath = "";
			projectRoot = "";
			targets = (
				394EB0AC1EC92AF500CD42EB /* EleccionesPDH */,
				394EB0C51EC92AF500CD42EB /* EleccionesPDHTests */,
				394EB0D01EC92AF500CD42EB /* EleccionesPDHUITests */,
			);
		};
/* End PBXProject section */

/* Begin PBXResourcesBuildPhase section */
		394EB0AB1EC92AF500CD42EB /* Resources */ = {
			isa = PBXResourcesBuildPhase;
			buildActionMask = 2147483647;
			files = (
				394EB0C01EC92AF500CD42EB /* LaunchScreen.storyboard in Resources */,
				394EB0BD1EC92AF500CD42EB /* Assets.xcassets in Resources */,
				394EB0BB1EC92AF500CD42EB /* Main.storyboard in Resources */,
			);
			runOnlyForDeploymentPostprocessing = 0;
		};
		394EB0C41EC92AF500CD42EB /* Resources */ = {
			isa = PBXResourcesBuildPhase;
			buildActionMask = 2147483647;
			files = (
			);
			runOnlyForDeploymentPostprocessing = 0;
		};
		394EB0CF1EC92AF500CD42EB /* Resources */ = {
			isa = PBXResourcesBuildPhase;
			buildActionMask = 2147483647;
			files = (
			);
			runOnlyForDeploymentPostprocessing = 0;
		};
/* End PBXResourcesBuildPhase section */

/* Begin PBXShellScriptBuildPhase section */
		3963DCE91ECA4CF3008353A2 /* ShellScript */ = {
			isa = PBXShellScriptBuildPhase;
			buildActionMask = 2147483647;
			files = (
			);
			inputPaths = (
			);
			outputPaths = (
			);
			runOnlyForDeploymentPostprocessing = 0;
			shellPath = /bin/sh;
			shellScript = "\"${PODS_ROOT}/Fabric/run\" ea3f797bc38b0fda48f491a0291e479d270ed790 fd112314ae688b60d7151db35d298cc41be6fb160ecd8cd1a57e7d9320da8896";
		};
		43446F7113816BE39603CC4C /* [CP] Embed Pods Frameworks */ = {
			isa = PBXShellScriptBuildPhase;
			buildActionMask = 2147483647;
			files = (
			);
			inputPaths = (
			);
			name = "[CP] Embed Pods Frameworks";
			outputPaths = (
			);
			runOnlyForDeploymentPostprocessing = 0;
			shellPath = /bin/sh;
			shellScript = "\"${SRCROOT}/Pods/Target Support Files/Pods-EleccionesPDH/Pods-EleccionesPDH-frameworks.sh\"\n";
			showEnvVarsInLog = 0;
		};
		870266F1B25C47F6E118FDF8 /* [CP] Copy Pods Resources */ = {
			isa = PBXShellScriptBuildPhase;
			buildActionMask = 2147483647;
			files = (
			);
			inputPaths = (
			);
			name = "[CP] Copy Pods Resources";
			outputPaths = (
			);
			runOnlyForDeploymentPostprocessing = 0;
			shellPath = /bin/sh;
			shellScript = "\"${SRCROOT}/Pods/Target Support Files/Pods-EleccionesPDH/Pods-EleccionesPDH-resources.sh\"\n";
			showEnvVarsInLog = 0;
		};
		F1BF325FB6ABE98912064DC1 /* [CP] Check Pods Manifest.lock */ = {
			isa = PBXShellScriptBuildPhase;
			buildActionMask = 2147483647;
			files = (
			);
			inputPaths = (
			);
			name = "[CP] Check Pods Manifest.lock";
			outputPaths = (
			);
			runOnlyForDeploymentPostprocessing = 0;
			shellPath = /bin/sh;
			shellScript = "diff \"${PODS_ROOT}/../Podfile.lock\" \"${PODS_ROOT}/Manifest.lock\" > /dev/null\nif [ $? != 0 ] ; then\n    # print error to STDERR\n    echo \"error: The sandbox is not in sync with the Podfile.lock. Run 'pod install' or update your CocoaPods installation.\" >&2\n    exit 1\nfi\n";
			showEnvVarsInLog = 0;
		};
/* End PBXShellScriptBuildPhase section */

/* Begin PBXSourcesBuildPhase section */
		394EB0A91EC92AF500CD42EB /* Sources */ = {
			isa = PBXSourcesBuildPhase;
			buildActionMask = 2147483647;
			files = (
				39171D631ECCB8A00035F63A /* HeaderCell.m in Sources */,
				39D646C51ECAC2E000F2BD0E /* PrivateTransitionContext.m in Sources */,
				394EB1141EC97AC000CD42EB /* ViewController.m in Sources */,
				39471FE01ECA7FF000C36001 /* SearchTimelineController.m in Sources */,
				3963DCE81EC9FE22008353A2 /* DetailActionCell.m in Sources */,
				39D646C41ECAC2E000F2BD0E /* PrivateAnimatedTransition.m in Sources */,
				394EB0B51EC92AF500CD42EB /* AppDelegate.m in Sources */,
				394EB1101EC97AC000CD42EB /* CandidatosController.m in Sources */,
				394EB1121EC97AC000CD42EB /* NoticiasController.m in Sources */,
				394EB0E71EC92C0600CD42EB /* EleccionPDH.xcdatamodeld in Sources */,
				39A06B781ECB71AC000EC785 /* GradeCell.m in Sources */,
				39A06B7B1ECBAAA8000EC785 /* HeaderView.m in Sources */,
				394EB1181EC97D9300CD42EB /* CandidatoCell.m in Sources */,
				3963DCE21EC9F939008353A2 /* DiputadoDetailController.m in Sources */,
				39270C811EF2FC45008541D8 /* AboutController.m in Sources */,
				394EB11B1EC9867400CD42EB /* DiputadoCell.m in Sources */,
				39471FDD1ECA7FDC00C36001 /* UserTimelineController.m in Sources */,
				394EB1131EC97AC000CD42EB /* RankingController.m in Sources */,
				394EB11E1EC98A8500CD42EB /* CandidatoDetailController.m in Sources */,
				39A06B741ECB58C4000EC785 /* Perfil+CoreDataClass.m in Sources */,
				39D646C61ECAC2E000F2BD0E /* TransitionDelegate.m in Sources */,
				39D646C91ECAC32000F2BD0E /* Animator.m in Sources */,
				39A06B751ECB58C4000EC785 /* Perfil+CoreDataProperties.m in Sources */,
				394EB1111EC97AC000CD42EB /* DiputadosController.m in Sources */,
				394EB1241EC98B7000CD42EB /* DetailSectionCell.m in Sources */,
				394EB1211EC98B5900CD42EB /* DetailHeaderCell.m in Sources */,
				394EB1271EC98B8A00CD42EB /* DetailTextCell.m in Sources */,
				394EB0F21EC9772F00CD42EB /* SingletonUtilities.m in Sources */,
				394EB0B21EC92AF500CD42EB /* main.m in Sources */,
			);
			runOnlyForDeploymentPostprocessing = 0;
		};
		394EB0C21EC92AF500CD42EB /* Sources */ = {
			isa = PBXSourcesBuildPhase;
			buildActionMask = 2147483647;
			files = (
				394EB0CB1EC92AF500CD42EB /* EleccionesPDHTests.m in Sources */,
			);
			runOnlyForDeploymentPostprocessing = 0;
		};
		394EB0CD1EC92AF500CD42EB /* Sources */ = {
			isa = PBXSourcesBuildPhase;
			buildActionMask = 2147483647;
			files = (
				394EB0D61EC92AF500CD42EB /* EleccionesPDHUITests.m in Sources */,
			);
			runOnlyForDeploymentPostprocessing = 0;
		};
/* End PBXSourcesBuildPhase section */

/* Begin PBXTargetDependency section */
		394EB0C81EC92AF500CD42EB /* PBXTargetDependency */ = {
			isa = PBXTargetDependency;
			target = 394EB0AC1EC92AF500CD42EB /* EleccionesPDH */;
			targetProxy = 394EB0C71EC92AF500CD42EB /* PBXContainerItemProxy */;
		};
		394EB0D31EC92AF500CD42EB /* PBXTargetDependency */ = {
			isa = PBXTargetDependency;
			target = 394EB0AC1EC92AF500CD42EB /* EleccionesPDH */;
			targetProxy = 394EB0D21EC92AF500CD42EB /* PBXContainerItemProxy */;
		};
/* End PBXTargetDependency section */

/* Begin PBXVariantGroup section */
		394EB0B91EC92AF500CD42EB /* Main.storyboard */ = {
			isa = PBXVariantGroup;
			children = (
				394EB0BA1EC92AF500CD42EB /* Base */,
			);
			name = Main.storyboard;
			sourceTree = "<group>";
		};
		394EB0BE1EC92AF500CD42EB /* LaunchScreen.storyboard */ = {
			isa = PBXVariantGroup;
			children = (
				394EB0BF1EC92AF500CD42EB /* Base */,
			);
			name = LaunchScreen.storyboard;
			sourceTree = "<group>";
		};
/* End PBXVariantGroup section */

/* Begin XCBuildConfiguration section */
		394EB0D81EC92AF500CD42EB /* Debug */ = {
			isa = XCBuildConfiguration;
			buildSettings = {
				ALWAYS_SEARCH_USER_PATHS = NO;
				CLANG_ANALYZER_NONNULL = YES;
				CLANG_ANALYZER_NUMBER_OBJECT_CONVERSION = YES_AGGRESSIVE;
				CLANG_CXX_LANGUAGE_STANDARD = "gnu++0x";
				CLANG_CXX_LIBRARY = "libc++";
				CLANG_ENABLE_MODULES = YES;
				CLANG_ENABLE_OBJC_ARC = YES;
				CLANG_WARN_BOOL_CONVERSION = YES;
				CLANG_WARN_CONSTANT_CONVERSION = YES;
				CLANG_WARN_DIRECT_OBJC_ISA_USAGE = YES_ERROR;
				CLANG_WARN_DOCUMENTATION_COMMENTS = YES;
				CLANG_WARN_EMPTY_BODY = YES;
				CLANG_WARN_ENUM_CONVERSION = YES;
				CLANG_WARN_INFINITE_RECURSION = YES;
				CLANG_WARN_INT_CONVERSION = YES;
				CLANG_WARN_OBJC_ROOT_CLASS = YES_ERROR;
				CLANG_WARN_SUSPICIOUS_MOVE = YES;
				CLANG_WARN_UNREACHABLE_CODE = YES;
				CLANG_WARN__DUPLICATE_METHOD_MATCH = YES;
				"CODE_SIGN_IDENTITY[sdk=iphoneos*]" = "iPhone Developer";
				COPY_PHASE_STRIP = NO;
				DEBUG_INFORMATION_FORMAT = dwarf;
				ENABLE_STRICT_OBJC_MSGSEND = YES;
				ENABLE_TESTABILITY = YES;
				GCC_C_LANGUAGE_STANDARD = gnu99;
				GCC_DYNAMIC_NO_PIC = NO;
				GCC_NO_COMMON_BLOCKS = YES;
				GCC_OPTIMIZATION_LEVEL = 0;
				GCC_PREPROCESSOR_DEFINITIONS = (
					"DEBUG=1",
					"$(inherited)",
				);
				GCC_WARN_64_TO_32_BIT_CONVERSION = YES;
				GCC_WARN_ABOUT_RETURN_TYPE = YES_ERROR;
				GCC_WARN_UNDECLARED_SELECTOR = YES;
				GCC_WARN_UNINITIALIZED_AUTOS = YES_AGGRESSIVE;
				GCC_WARN_UNUSED_FUNCTION = YES;
				GCC_WARN_UNUSED_VARIABLE = YES;
				IPHONEOS_DEPLOYMENT_TARGET = 10.3;
				MTL_ENABLE_DEBUG_INFO = YES;
				ONLY_ACTIVE_ARCH = YES;
				SDKROOT = iphoneos;
				TARGETED_DEVICE_FAMILY = "1,2";
			};
			name = Debug;
		};
		394EB0D91EC92AF500CD42EB /* Release */ = {
			isa = XCBuildConfiguration;
			buildSettings = {
				ALWAYS_SEARCH_USER_PATHS = NO;
				CLANG_ANALYZER_NONNULL = YES;
				CLANG_ANALYZER_NUMBER_OBJECT_CONVERSION = YES_AGGRESSIVE;
				CLANG_CXX_LANGUAGE_STANDARD = "gnu++0x";
				CLANG_CXX_LIBRARY = "libc++";
				CLANG_ENABLE_MODULES = YES;
				CLANG_ENABLE_OBJC_ARC = YES;
				CLANG_WARN_BOOL_CONVERSION = YES;
				CLANG_WARN_CONSTANT_CONVERSION = YES;
				CLANG_WARN_DIRECT_OBJC_ISA_USAGE = YES_ERROR;
				CLANG_WARN_DOCUMENTATION_COMMENTS = YES;
				CLANG_WARN_EMPTY_BODY = YES;
				CLANG_WARN_ENUM_CONVERSION = YES;
				CLANG_WARN_INFINITE_RECURSION = YES;
				CLANG_WARN_INT_CONVERSION = YES;
				CLANG_WARN_OBJC_ROOT_CLASS = YES_ERROR;
				CLANG_WARN_SUSPICIOUS_MOVE = YES;
				CLANG_WARN_UNREACHABLE_CODE = YES;
				CLANG_WARN__DUPLICATE_METHOD_MATCH = YES;
				"CODE_SIGN_IDENTITY[sdk=iphoneos*]" = "iPhone Developer";
				COPY_PHASE_STRIP = NO;
				DEBUG_INFORMATION_FORMAT = "dwarf-with-dsym";
				ENABLE_NS_ASSERTIONS = NO;
				ENABLE_STRICT_OBJC_MSGSEND = YES;
				GCC_C_LANGUAGE_STANDARD = gnu99;
				GCC_NO_COMMON_BLOCKS = YES;
				GCC_WARN_64_TO_32_BIT_CONVERSION = YES;
				GCC_WARN_ABOUT_RETURN_TYPE = YES_ERROR;
				GCC_WARN_UNDECLARED_SELECTOR = YES;
				GCC_WARN_UNINITIALIZED_AUTOS = YES_AGGRESSIVE;
				GCC_WARN_UNUSED_FUNCTION = YES;
				GCC_WARN_UNUSED_VARIABLE = YES;
				IPHONEOS_DEPLOYMENT_TARGET = 10.3;
				MTL_ENABLE_DEBUG_INFO = NO;
				SDKROOT = iphoneos;
				TARGETED_DEVICE_FAMILY = "1,2";
				VALIDATE_PRODUCT = YES;
			};
			name = Release;
		};
		394EB0DB1EC92AF500CD42EB /* Debug */ = {
			isa = XCBuildConfiguration;
			baseConfigurationReference = 0F4451C67CF25EE9E10DF9F6 /* Pods-EleccionesPDH.debug.xcconfig */;
			buildSettings = {
				ASSETCATALOG_COMPILER_APPICON_NAME = AppIcon;
				"CODE_SIGN_IDENTITY[sdk=iphoneos*]" = "iPhone Developer";
				DEVELOPMENT_TEAM = 7JMSL42G43;
				INFOPLIST_FILE = EleccionesPDH/Info.plist;
				IPHONEOS_DEPLOYMENT_TARGET = 9.0;
				LD_RUNPATH_SEARCH_PATHS = "$(inherited) @executable_path/Frameworks";
				PRODUCT_BUNDLE_IDENTIFIER = org.redciudadana.EleccionPDH;
				PRODUCT_NAME = "$(TARGET_NAME)";
				PROVISIONING_PROFILE = "ba5a2730-4ab8-41fb-b570-cf7ba852afe0";
				PROVISIONING_PROFILE_SPECIFIER = EleccionPDH_Development_PP;
				TARGETED_DEVICE_FAMILY = 1;
			};
			name = Debug;
		};
		394EB0DC1EC92AF500CD42EB /* Release */ = {
			isa = XCBuildConfiguration;
			baseConfigurationReference = B7626A0F351C45AEB11798E5 /* Pods-EleccionesPDH.release.xcconfig */;
			buildSettings = {
				ASSETCATALOG_COMPILER_APPICON_NAME = AppIcon;
				"CODE_SIGN_IDENTITY[sdk=iphoneos*]" = "iPhone Distribution";
				DEVELOPMENT_TEAM = 7JMSL42G43;
				INFOPLIST_FILE = EleccionesPDH/Info.plist;
				IPHONEOS_DEPLOYMENT_TARGET = 9.0;
				LD_RUNPATH_SEARCH_PATHS = "$(inherited) @executable_path/Frameworks";
				PRODUCT_BUNDLE_IDENTIFIER = org.redciudadana.EleccionPDH;
				PRODUCT_NAME = "$(TARGET_NAME)";
				PROVISIONING_PROFILE = "02d5229a-75d4-42a9-b8a7-f30deae5b239";
				PROVISIONING_PROFILE_SPECIFIER = EleccionPDH_PP_AppStore;
				TARGETED_DEVICE_FAMILY = 1;
			};
			name = Release;
		};
		394EB0DE1EC92AF500CD42EB /* Debug */ = {
			isa = XCBuildConfiguration;
			buildSettings = {
				BUNDLE_LOADER = "$(TEST_HOST)";
				DEVELOPMENT_TEAM = S23FGB69WV;
				INFOPLIST_FILE = EleccionesPDHTests/Info.plist;
				LD_RUNPATH_SEARCH_PATHS = "$(inherited) @executable_path/Frameworks @loader_path/Frameworks";
				PRODUCT_BUNDLE_IDENTIFIER = com.codifay.EleccionesPDHTests;
				PRODUCT_NAME = "$(TARGET_NAME)";
				TEST_HOST = "$(BUILT_PRODUCTS_DIR)/EleccionesPDH.app/EleccionesPDH";
			};
			name = Debug;
		};
		394EB0DF1EC92AF500CD42EB /* Release */ = {
			isa = XCBuildConfiguration;
			buildSettings = {
				BUNDLE_LOADER = "$(TEST_HOST)";
				DEVELOPMENT_TEAM = S23FGB69WV;
				INFOPLIST_FILE = EleccionesPDHTests/Info.plist;
				LD_RUNPATH_SEARCH_PATHS = "$(inherited) @executable_path/Frameworks @loader_path/Frameworks";
				PRODUCT_BUNDLE_IDENTIFIER = com.codifay.EleccionesPDHTests;
				PRODUCT_NAME = "$(TARGET_NAME)";
				TEST_HOST = "$(BUILT_PRODUCTS_DIR)/EleccionesPDH.app/EleccionesPDH";
			};
			name = Release;
		};
		394EB0E11EC92AF500CD42EB /* Debug */ = {
			isa = XCBuildConfiguration;
			buildSettings = {
				DEVELOPMENT_TEAM = S23FGB69WV;
				INFOPLIST_FILE = EleccionesPDHUITests/Info.plist;
				LD_RUNPATH_SEARCH_PATHS = "$(inherited) @executable_path/Frameworks @loader_path/Frameworks";
				PRODUCT_BUNDLE_IDENTIFIER = com.codifay.EleccionesPDHUITests;
				PRODUCT_NAME = "$(TARGET_NAME)";
				TEST_TARGET_NAME = EleccionesPDH;
			};
			name = Debug;
		};
		394EB0E21EC92AF500CD42EB /* Release */ = {
			isa = XCBuildConfiguration;
			buildSettings = {
				DEVELOPMENT_TEAM = S23FGB69WV;
				INFOPLIST_FILE = EleccionesPDHUITests/Info.plist;
				LD_RUNPATH_SEARCH_PATHS = "$(inherited) @executable_path/Frameworks @loader_path/Frameworks";
				PRODUCT_BUNDLE_IDENTIFIER = com.codifay.EleccionesPDHUITests;
				PRODUCT_NAME = "$(TARGET_NAME)";
				TEST_TARGET_NAME = EleccionesPDH;
			};
			name = Release;
		};
/* End XCBuildConfiguration section */

/* Begin XCConfigurationList section */
		394EB0A81EC92AF500CD42EB /* Build configuration list for PBXProject "EleccionPDH" */ = {
			isa = XCConfigurationList;
			buildConfigurations = (
				394EB0D81EC92AF500CD42EB /* Debug */,
				394EB0D91EC92AF500CD42EB /* Release */,
			);
			defaultConfigurationIsVisible = 0;
			defaultConfigurationName = Release;
		};
		394EB0DA1EC92AF500CD42EB /* Build configuration list for PBXNativeTarget "EleccionesPDH" */ = {
			isa = XCConfigurationList;
			buildConfigurations = (
				394EB0DB1EC92AF500CD42EB /* Debug */,
				394EB0DC1EC92AF500CD42EB /* Release */,
			);
			defaultConfigurationIsVisible = 0;
			defaultConfigurationName = Release;
		};
		394EB0DD1EC92AF500CD42EB /* Build configuration list for PBXNativeTarget "EleccionesPDHTests" */ = {
			isa = XCConfigurationList;
			buildConfigurations = (
				394EB0DE1EC92AF500CD42EB /* Debug */,
				394EB0DF1EC92AF500CD42EB /* Release */,
			);
			defaultConfigurationIsVisible = 0;
			defaultConfigurationName = Release;
		};
		394EB0E01EC92AF500CD42EB /* Build configuration list for PBXNativeTarget "EleccionesPDHUITests" */ = {
			isa = XCConfigurationList;
			buildConfigurations = (
				394EB0E11EC92AF500CD42EB /* Debug */,
				394EB0E21EC92AF500CD42EB /* Release */,
			);
			defaultConfigurationIsVisible = 0;
			defaultConfigurationName = Release;
		};
/* End XCConfigurationList section */

/* Begin XCVersionGroup section */
		394EB0E41EC92B2700CD42EB /* EleccionPDH.xcdatamodeld */ = {
			isa = XCVersionGroup;
			children = (
				394EB0E51EC92B2700CD42EB /* EleccionPDH.xcdatamodel */,
			);
			currentVersion = 394EB0E51EC92B2700CD42EB /* EleccionPDH.xcdatamodel */;
			name = EleccionPDH.xcdatamodeld;
			path = Models/EleccionPDH.xcdatamodeld;
			sourceTree = "<group>";
			versionGroupType = wrapper.xcdatamodel;
		};
/* End XCVersionGroup section */
	};
	rootObject = 394EB0A51EC92AF500CD42EB /* Project object */;
}
